
Microsoft Visual Studio Solution File, Format Version 12.00
# Visual Studio Version 16
VisualStudioVersion = 16.0.30204.135
MinimumVisualStudioVersion = 10.0.40219.1
Project("{FAE04EC0-301F-11D3-BF4B-00C04F79EFBC}") = "SE-RGB", "SE-RGB\SE-RGB.csproj", "{EAA72CA5-2153-4B84-BEA2-25571A22AE2A}"
EndProject
Global
	GlobalSection(SolutionConfigurationPlatforms) = preSolution
		Debug|x64 = Debug|x64
	EndGlobalSection
	GlobalSection(ProjectConfigurationPlatforms) = postSolution
		{EAA72CA5-2153-4B84-BEA2-25571A22AE2A}.Debug|x64.ActiveCfg = Debug|x64
		{EAA72CA5-2153-4B84-BEA2-25571A22AE2A}.Debug|x64.Build.0 = Debug|x64
	EndGlobalSection
	GlobalSection(SolutionProperties) = preSolution
		HideSolutionNode = FALSE
	EndGlobalSection
	GlobalSection(ExtensibilityGlobals) = postSolution
		SolutionGuid = {C72C98EE-20C2-4B5C-9F2C-4F1E58C34A63}
	EndGlobalSection
EndGlobal
